// !$*UTF8*$!
{
	archiveVersion = 1;
	classes = {
	};
	objectVersion = 50;
	objects = {

/* Begin PBXBuildFile section */
		166FEBAC247A8AFA003A05AD /* AppDelegate.swift in Sources */ = {isa = PBXBuildFile; fileRef = 166FEBAB247A8AFA003A05AD /* AppDelegate.swift */; };
		166FEBAE247A8AFA003A05AD /* SceneDelegate.swift in Sources */ = {isa = PBXBuildFile; fileRef = 166FEBAD247A8AFA003A05AD /* SceneDelegate.swift */; };
		166FEBB0247A8AFA003A05AD /* ViewController.swift in Sources */ = {isa = PBXBuildFile; fileRef = 166FEBAF247A8AFA003A05AD /* ViewController.swift */; };
		166FEBB3247A8AFA003A05AD /* Main.storyboard in Resources */ = {isa = PBXBuildFile; fileRef = 166FEBB1247A8AFA003A05AD /* Main.storyboard */; };
		166FEBB5247A8AFE003A05AD /* Assets.xcassets in Resources */ = {isa = PBXBuildFile; fileRef = 166FEBB4247A8AFE003A05AD /* Assets.xcassets */; };
		166FEBB8247A8AFE003A05AD /* LaunchScreen.storyboard in Resources */ = {isa = PBXBuildFile; fileRef = 166FEBB6247A8AFE003A05AD /* LaunchScreen.storyboard */; };
/* End PBXBuildFile section */

/* Begin PBXFileReference section */
		166FEBA8247A8AFA003A05AD /* question 27.app */ = {isa = PBXFileReference; explicitFileType = wrapper.application; includeInIndex = 0; path = "question 27.app"; sourceTree = BUILT_PRODUCTS_DIR; };
		166FEBAB247A8AFA003A05AD /* AppDelegate.swift */ = {isa = PBXFileReference; lastKnownFileType = sourcecode.swift; path = AppDelegate.swift; sourceTree = "<group>"; };
		166FEBAD247A8AFA003A05AD /* SceneDelegate.swift */ = {isa = PBXFileReference; lastKnownFileType = sourcecode.swift; path = SceneDelegate.swift; sourceTree = "<group>"; };
		166FEBAF247A8AFA003A05AD /* ViewController.swift */ = {isa = PBXFileReference; lastKnownFileType = sourcecode.swift; path = ViewController.swift; sourceTree = "<group>"; };
		166FEBB2247A8AFA003A05AD /* Base */ = {isa = PBXFileReference; lastKnownFileType = file.storyboard; name = Base; path = Base.lproj/Main.storyboard; sourceTree = "<group>"; };
		166FEBB4247A8AFE003A05AD /* Assets.xcassets */ = {isa = PBXFileReference; lastKnownFileType = folder.assetcatalog; path = Assets.xcassets; sourceTree = "<group>"; };
		166FEBB7247A8AFE003A05AD /* Base */ = {isa = PBXFileReference; lastKnownFileType = file.storyboard; name = Base; path = Base.lproj/LaunchScreen.storyboard; sourceTree = "<group>"; };
		166FEBB9247A8AFF003A05AD /* Info.plist */ = {isa = PBXFileReference; lastKnownFileType = text.plist.xml; path = Info.plist; sourceTree = "<group>"; };
/* End PBXFileReference section */

/* Begin PBXFrameworksBuildPhase section */
		166FEBA5247A8AFA003A05AD /* Frameworks */ = {
			isa = PBXFrameworksBuildPhase;
			buildActionMask = 2147483647;
			files = (
			);
			runOnlyForDeploymentPostprocessing = 0;
		};
/* End PBXFrameworksBuildPhase section */

/* Begin PBXGroup section */
		166FEB9F247A8AFA003A05AD = {
			isa = PBXGroup;
			children = (
				166FEBAA247A8AFA003A05AD /* question 27 */,
				166FEBA9247A8AFA003A05AD /* Products */,
			);
			sourceTree = "<group>";
		};
		166FEBA9247A8AFA003A05AD /* Products */ = {
			isa = PBXGroup;
			children = (
				166FEBA8247A8AFA003A05AD /* question 27.app */,
			);
			name = Products;
			sourceTree = "<group>";
		};
		166FEBAA247A8AFA003A05AD /* question 27 */ = {
			isa = PBXGroup;
			children = (
				166FEBAB247A8AFA003A05AD /* AppDelegate.swift */,
				166FEBAD247A8AFA003A05AD /* SceneDelegate.swift */,
				166FEBAF247A8AFA003A05AD /* ViewController.swift */,
				166FEBB1247A8AFA003A05AD /* Main.storyboard */,
				166FEBB4247A8AFE003A05AD /* Assets.xcassets */,
				166FEBB6247A8AFE003A05AD /* LaunchScreen.storyboard */,
				166FEBB9247A8AFF003A05AD /* Info.plist */,
			);
			path = "question 27";
			sourceTree = "<group>";
		};
/* End PBXGroup section */

/* Begin PBXNativeTarget section */
		166FEBA7247A8AFA003A05AD /* question 27 */ = {
			isa = PBXNativeTarget;
			buildConfigurationList = 166FEBBC247A8AFF003A05AD /* Build configuration list for PBXNativeTarget "question 27" */;
			buildPhases = (
				166FEBA4247A8AFA003A05AD /* Sources */,
				166FEBA5247A8AFA003A05AD /* Frameworks */,
				166FEBA6247A8AFA003A05AD /* Resources */,
			);
			buildRules = (
			);
			dependencies = (
			);
			name = "question 27";
			productName = "question 27";
			productReference = 166FEBA8247A8AFA003A05AD /* question 27.app */;
			productType = "com.apple.product-type.application";
		};
/* End PBXNativeTarget section */

/* Begin PBXProject section */
		166FEBA0247A8AFA003A05AD /* Project object */ = {
			isa = PBXProject;
			attributes = {
				LastSwiftUpdateCheck = 1100;
				LastUpgradeCheck = 1100;
				ORGANIZATIONNAME = "Nikoghosyan Gevorg";
				TargetAttributes = {
					166FEBA7247A8AFA003A05AD = {
						CreatedOnToolsVersion = 11.0;
					};
				};
			};
			buildConfigurationList = 166FEBA3247A8AFA003A05AD /* Build configuration list for PBXProject "question 27" */;
			compatibilityVersion = "Xcode 9.3";
			developmentRegion = en;
			hasScannedForEncodings = 0;
			knownRegions = (
				en,
				Base,
			);
			mainGroup = 166FEB9F247A8AFA003A05AD;
			productRefGroup = 166FEBA9247A8AFA003A05AD /* Products */;
			projectDirPath = "";
			projectRoot = "";
			targets = (
				166FEBA7247A8AFA003A05AD /* question 27 */,
			);
		};
/* End PBXProject section */

/* Begin PBXResourcesBuildPhase section */
		166FEBA6247A8AFA003A05AD /* Resources */ = {
			isa = PBXResourcesBuildPhase;
			buildActionMask = 2147483647;
			files = (
				166FEBB8247A8AFE003A05AD /* LaunchScreen.storyboard in Resources */,
				166FEBB5247A8AFE003A05AD /* Assets.xcassets in Resources */,
				166FEBB3247A8AFA003A05AD /* Main.storyboard in Resources */,
			);
			runOnlyForDeploymentPostprocessing = 0;
		};
/* End PBXResourcesBuildPhase section */

/* Begin PBXSourcesBuildPhase section */
		166FEBA4247A8AFA003A05AD /* Sources */ = {
			isa = PBXSourcesBuildPhase;
			buildActionMask = 2147483647;
			files = (
				166FEBB0247A8AFA003A05AD /* ViewController.swift in Sources */,
				166FEBAC247A8AFA003A05AD /* AppDelegate.swift in Sources */,
				166FEBAE247A8AFA003A05AD /* SceneDelegate.swift in Sources */,
			);
			runOnlyForDeploymentPostprocessing = 0;
		};
/* End PBXSourcesBuildPhase section */

/* Begin PBXVariantGroup section */
		166FEBB1247A8AFA003A05AD /* Main.storyboard */ = {
			isa = PBXVariantGroup;
			children = (
				166FEBB2247A8AFA003A05AD /* Base */,
			);
			name = Main.storyboard;
			sourceTree = "<group>";
		};
		166FEBB6247A8AFE003A05AD /* LaunchScreen.storyboard */ = {
			isa = PBXVariantGroup;
			children = (
				166FEBB7247A8AFE003A05AD /* Base */,
			);
			name = LaunchScreen.storyboard;
			sourceTree = "<group>";
		};
/* End PBXVariantGroup section */

/* Begin XCBuildConfiguration section */
		166FEBBA247A8AFF003A05AD /* Debug */ = {
			isa = XCBuildConfiguration;
			buildSettings = {
				ALWAYS_SEARCH_USER_PATHS = NO;
				CLANG_ANALYZER_NONNULL = YES;
				CLANG_ANALYZER_NUMBER_OBJECT_CONVERSION = YES_AGGRESSIVE;
				CLANG_CXX_LANGUAGE_STANDARD = "gnu++14";
				CLANG_CXX_LIBRARY = "libc++";
				CLANG_ENABLE_MODULES = YES;
				CLANG_ENABLE_OBJC_ARC = YES;
				CLANG_ENABLE_OBJC_WEAK = YES;
				CLANG_WARN_BLOCK_CAPTURE_AUTORELEASING = YES;
				CLANG_WARN_BOOL_CONVERSION = YES;
				CLANG_WARN_COMMA = YES;
				CLANG_WARN_CONSTANT_CONVERSION = YES;
				CLANG_WARN_DEPRECATED_OBJC_IMPLEMENTATIONS = YES;
				CLANG_WARN_DIRECT_OBJC_ISA_USAGE = YES_ERROR;
				CLANG_WARN_DOCUMENTATION_COMMENTS = YES;
				CLANG_WARN_EMPTY_BODY = YES;
				CLANG_WARN_ENUM_CONVERSION = YES;
				CLANG_WARN_INFINITE_RECURSION = YES;
				CLANG_WARN_INT_CONVERSION = YES;
				CLANG_WARN_NON_LITERAL_NULL_CONVERSION = YES;
				CLANG_WARN_OBJC_IMPLICIT_RETAIN_SELF = YES;
				CLANG_WARN_OBJC_LITERAL_CONVERSION = YES;
				CLANG_WARN_OBJC_ROOT_CLASS = YES_ERROR;
				CLANG_WARN_RANGE_LOOP_ANALYSIS = YES;
				CLANG_WARN_STRICT_PROTOTYPES = YES;
				CLANG_WARN_SUSPICIOUS_MOVE = YES;
				CLANG_WARN_UNGUARDED_AVAILABILITY = YES_AGGRESSIVE;
				CLANG_WARN_UNREACHABLE_CODE = YES;
				CLANG_WARN__DUPLICATE_METHOD_MATCH = YES;
				COPY_PHASE_STRIP = NO;
				DEBUG_INFORMATION_FORMAT = dwarf;
				ENABLE_STRICT_OBJC_MSGSEND = YES;
				ENABLE_TESTABILITY = YES;
				GCC_C_LANGUAGE_STANDARD = gnu11;
				GCC_DYNAMIC_NO_PIC = NO;
				GCC_NO_COMMON_BLOCKS = YES;
				GCC_OPTIMIZATION_LEVEL = 0;
				GCC_PREPROCESSOR_DEFINITIONS = (
					"DEBUG=1",
					"$(inherited)",
				);
				GCC_WARN_64_TO_32_BIT_CONVERSION = YES;
				GCC_WARN_ABOUT_RETURN_TYPE = YES_ERROR;
				GCC_WARN_UNDECLARED_SELECTOR = YES;
				GCC_WARN_UNINITIALIZED_AUTOS = YES_AGGRESSIVE;
				GCC_WARN_UNUSED_FUNCTION = YES;
				GCC_WARN_UNUSED_VARIABLE = YES;
				IPHONEOS_DEPLOYMENT_TARGET = 13.0;
				MTL_ENABLE_DEBUG_INFO = INCLUDE_SOURCE;
				MTL_FAST_MATH = YES;
				ONLY_ACTIVE_ARCH = YES;
				SDKROOT = iphoneos;
				SWIFT_ACTIVE_COMPILATION_CONDITIONS = DEBUG;
				SWIFT_OPTIMIZATION_LEVEL = "-Onone";
			};
			name = Debug;
		};
		166FEBBB247A8AFF003A05AD /* Release */ = {
			isa = XCBuildConfiguration;
			buildSettings = {
				ALWAYS_SEARCH_USER_PATHS = NO;
				CLANG_ANALYZER_NONNULL = YES;
				CLANG_ANALYZER_NUMBER_OBJECT_CONVERSION = YES_AGGRESSIVE;
				CLANG_CXX_LANGUAGE_STANDARD = "gnu++14";
				CLANG_CXX_LIBRARY = "libc++";
				CLANG_ENABLE_MODULES = YES;
				CLANG_ENABLE_OBJC_ARC = YES;
				CLANG_ENABLE_OBJC_WEAK = YES;
				CLANG_WARN_BLOCK_CAPTURE_AUTORELEASING = YES;
				CLANG_WARN_BOOL_CONVERSION = YES;
				CLANG_WARN_COMMA = YES;
				CLANG_WARN_CONSTANT_CONVERSION = YES;
				CLANG_WARN_DEPRECATED_OBJC_IMPLEMENTATIONS = YES;
				CLANG_WARN_DIRECT_OBJC_ISA_USAGE = YES_ERROR;
				CLANG_WARN_DOCUMENTATION_COMMENTS = YES;
				CLANG_WARN_EMPTY_BODY = YES;
				CLANG_WARN_ENUM_CONVERSION = YES;
				CLANG_WARN_INFINITE_RECURSION = YES;
				CLANG_WARN_INT_CONVERSION = YES;
				CLANG_WARN_NON_LITERAL_NULL_CONVERSION = YES;
				CLANG_WARN_OBJC_IMPLICIT_RETAIN_SELF = YES;
				CLANG_WARN_OBJC_LITERAL_CONVERSION = YES;
				CLANG_WARN_OBJC_ROOT_CLASS = YES_ERROR;
				CLANG_WARN_RANGE_LOOP_ANALYSIS = YES;
				CLANG_WARN_STRICT_PROTOTYPES = YES;
				CLANG_WARN_SUSPICIOUS_MOVE = YES;
				CLANG_WARN_UNGUARDED_AVAILABILITY = YES_AGGRESSIVE;
				CLANG_WARN_UNREACHABLE_CODE = YES;
				CLANG_WARN__DUPLICATE_METHOD_MATCH = YES;
				COPY_PHASE_STRIP = NO;
				DEBUG_INFORMATION_FORMAT = "dwarf-with-dsym";
				ENABLE_NS_ASSERTIONS = NO;
				ENABLE_STRICT_OBJC_MSGSEND = YES;
				GCC_C_LANGUAGE_STANDARD = gnu11;
				GCC_NO_COMMON_BLOCKS = YES;
				GCC_WARN_64_TO_32_BIT_CONVERSION = YES;
				GCC_WARN_ABOUT_RETURN_TYPE = YES_ERROR;
				GCC_WARN_UNDECLARED_SELECTOR = YES;
				GCC_WARN_UNINITIALIZED_AUTOS = YES_AGGRESSIVE;
				GCC_WARN_UNUSED_FUNCTION = YES;
				GCC_WARN_UNUSED_VARIABLE = YES;
				IPHONEOS_DEPLOYMENT_TARGET = 13.0;
				MTL_ENABLE_DEBUG_INFO = NO;
				MTL_FAST_MATH = YES;
				SDKROOT = iphoneos;
				SWIFT_COMPILATION_MODE = wholemodule;
				SWIFT_OPTIMIZATION_LEVEL = "-O";
				VALIDATE_PRODUCT = YES;
			};
			name = Release;
		};
		166FEBBD247A8AFF003A05AD /* Debug */ = {
			isa = XCBuildConfiguration;
			buildSettings = {
				ASSETCATALOG_COMPILER_APPICON_NAME = AppIcon;
				CODE_SIGN_STYLE = Automatic;
				DEVELOPMENT_TEAM = GRRVB2XC8U;
				INFOPLIST_FILE = "question 27/Info.plist";
				LD_RUNPATH_SEARCH_PATHS = (
					"$(inherited)",
					"@executable_path/Frameworks",
				);
				PRODUCT_BUNDLE_IDENTIFIER = "com.nikoghosyangevorg.question-27";
				PRODUCT_NAME = "$(TARGET_NAME)";
				SWIFT_VERSION = 5.0;
				TARGETED_DEVICE_FAMILY = "1,2";
			};
			name = Debug;
		};
		166FEBBE247A8AFF003A05AD /* Release */ = {
			isa = XCBuildConfiguration;
			buildSettings = {
				ASSETCATALOG_COMPILER_APPICON_NAME = AppIcon;
				CODE_SIGN_STYLE = Automatic;
				DEVELOPMENT_TEAM = GRRVB2XC8U;
				INFOPLIST_FILE = "question 27/Info.plist";
				LD_RUNPATH_SEARCH_PATHS = (
					"$(inherited)",
					"@executable_path/Frameworks",
				);
				PRODUCT_BUNDLE_IDENTIFIER = "com.nikoghosyangevorg.question-27";
				PRODUCT_NAME = "$(TARGET_NAME)";
				SWIFT_VERSION = 5.0;
				TARGETED_DEVICE_FAMILY = "1,2";
			};
			name = Release;
		};
/* End XCBuildConfiguration section */

/* Begin XCConfigurationList section */
		166FEBA3247A8AFA003A05AD /* Build configuration list for PBXProject "question 27" */ = {
			isa = XCConfigurationList;
			buildConfigurations = (
				166FEBBA247A8AFF003A05AD /* Debug */,
				166FEBBB247A8AFF003A05AD /* Release */,
			);
			defaultConfigurationIsVisible = 0;
			defaultConfigurationName = Release;
		};
		166FEBBC247A8AFF003A05AD /* Build configuration list for PBXNativeTarget "question 27" */ = {
			isa = XCConfigurationList;
			buildConfigurations = (
				166FEBBD247A8AFF003A05AD /* Debug */,
				166FEBBE247A8AFF003A05AD /* Release */,
			);
			defaultConfigurationIsVisible = 0;
			defaultConfigurationName = Release;
		};
/* End XCConfigurationList section */
	};
	rootObject = 166FEBA0247A8AFA003A05AD /* Project object */;
}
